<?xml version="1.0" encoding="utf-8"?>
<Project ToolsVersion="4.0" xmlns="http://schemas.microsoft.com/developer/msbuild/2003">
  <ItemGroup>
    <Filter Include="Source Files">
      <UniqueIdentifier>{FC73721D-C7A5-4376-A066-2A32D752A2FF}</UniqueIdentifier>
      <Extensions>cpp;c;cc;cxx;c++;def;odl;idl;hpj;bat;asm;asmx</Extensions>
    </Filter>
    <Filter Include="Header Files">
      <UniqueIdentifier>{93995380-89BD-4B04-88EB-625FBE52EBFB}</UniqueIdentifier>
      <Extensions>h;hh;hpp;hxx;hm;inl;inc;ipp;xsd</Extensions>
    </Filter>
  </ItemGroup>
  <ItemGroup>
    <ClInclude Include="EtwProcNetCollector.h"><Filter>Header Files</Filter></ClInclude>
    <ClInclude Include="HistoryTrafficStore.h"><Filter>Header Files</Filter></ClInclude>
    <ClInclude Include="PluginInterface.h"><Filter>Header Files</Filter></ClInclude>
    <ClInclude Include="ProcNetItem.h"><Filter>Header Files</Filter></ClInclude>
    <ClInclude Include="ProcNetPlugin.h"><Filter>Header Files</Filter></ClInclude>
    <ClInclude Include="ProcessFinder.h"><Filter>Header Files</Filter></ClInclude>
    <ClInclude Include="TrafficDetailWindow.h"><Filter>Header Files</Filter></ClInclude>
    <ClInclude Include="Utils.h"><Filter>Header Files</Filter></ClInclude>
  </ItemGroup>
  <ItemGroup>
    <ClCompile Include="EtwProcNetCollector.cpp"><Filter>Source Files</Filter></ClCompile>
    <ClCompile Include="HistoryTrafficStore.cpp"><Filter>Source Files</Filter></ClCompile>
    <ClCompile Include="PluginMain.cpp"><Filter>Source Files</Filter></ClCompile>
    <ClCompile Include="ProcNetItem.cpp"><Filter>Source Files</Filter></ClCompile>
    <ClCompile Include="ProcNetPlugin.cpp"><Filter>Source Files</Filter></ClCompile>
    <ClCompile Include="ProcessFinder.cpp"><Filter>Source Files</Filter></ClCompile>
    <ClCompile Include="TrafficDetailWindow.cpp"><Filter>Source Files</Filter></ClCompile>
    <ClCompile Include="Utils.cpp"><Filter>Source Files</Filter></ClCompile>
  </ItemGroup>
</Project>
